
Microsoft Visual Studio Solution File, Format Version 12.00
# Visual Studio 2012
Project("{FAE04EC0-301F-11D3-BF4B-00C04F79EFBC}") = "GroceryStore", "GroceryStore\GroceryStore.csproj", "{5066A5D2-8CDA-498D-9FCB-A215D8BAB23E}"
EndProject
Global
	GlobalSection(SolutionConfigurationPlatforms) = preSolution
		Debug|Any CPU = Debug|Any CPU
		Release|Any CPU = Release|Any CPU
	EndGlobalSection
	GlobalSection(ProjectConfigurationPlatforms) = postSolution
		{5066A5D2-8CDA-498D-9FCB-A215D8BAB23E}.Debug|Any CPU.ActiveCfg = Debug|Any CPU
		{5066A5D2-8CDA-498D-9FCB-A215D8BAB23E}.Debug|Any CPU.Build.0 = Debug|Any CPU
		{5066A5D2-8CDA-498D-9FCB-A215D8BAB23E}.Release|Any CPU.ActiveCfg = Release|Any CPU
		{5066A5D2-8CDA-498D-9FCB-A215D8BAB23E}.Release|Any CPU.Build.0 = Release|Any CPU
	EndGlobalSection
EndGlobal
